// !$*UTF8*$!
{
	archiveVersion = 1;
	classes = {
	};
	objectVersion = 77;
	objects = {

/* Begin PBXBuildFile section */
		C318A33A2FC0952D00A98AA1 /* SDWebImageSwiftUI in Frameworks */ = {isa = PBXBuildFile; productRef = SDWEB0022FBEF2E400A98AA1 /* SDWebImageSwiftUI */; };
/* End PBXBuildFile section */

/* Begin PBXContainerItemProxy section */
		C318A2772FBEF2E400A98AA1 /* PBXContainerItemProxy */ = {
			isa = PBXContainerItemProxy;
			containerPortal = C318A2612FBEF2E300A98AA1 /* Project object */;
			proxyType = 1;
			remoteGlobalIDString = C318A2682FBEF2E300A98AA1;
			remoteInfo = MatchMate;
		};
		C318A2812FBEF2E400A98AA1 /* PBXContainerItemProxy */ = {
			isa = PBXContainerItemProxy;
			containerPortal = C318A2612FBEF2E300A98AA1 /* Project object */;
			proxyType = 1;
			remoteGlobalIDString = C318A2682FBEF2E300A98AA1;
			remoteInfo = MatchMate;
		};
/* End PBXContainerItemProxy section */

/* Begin PBXFileReference section */
		C318A2692FBEF2E300A98AA1 /* MatchMate.app */ = {isa = PBXFileReference; explicitFileType = wrapper.application; includeInIndex = 0; path = MatchMate.app; sourceTree = BUILT_PRODUCTS_DIR; };
		C318A2762FBEF2E400A98AA1 /* MatchMateTests.xctest */ = {isa = PBXFileReference; explicitFileType = wrapper.cfbundle; includeInIndex = 0; path = MatchMateTests.xctest; sourceTree = BUILT_PRODUCTS_DIR; };
		C318A2802FBEF2E400A98AA1 /* MatchMateUITests.xctest */ = {isa = PBXFileReference; explicitFileType = wrapper.cfbundle; includeInIndex = 0; path = MatchMateUITests.xctest; sourceTree = BUILT_PRODUCTS_DIR; };
/* End PBXFileReference section */

/* Begin PBXFileSystemSynchronizedRootGroup section */
		C318A26B2FBEF2E300A98AA1 /* MatchMate */ = {
			isa = PBXFileSystemSynchronizedRootGroup;
			path = MatchMate;
			sourceTree = "<group>";
		};
		C318A2792FBEF2E400A98AA1 /* MatchMateTests */ = {
			isa = PBXFileSystemSynchronizedRootGroup;
			path = MatchMateTests;
			sourceTree = "<group>";
		};
		C318A2832FBEF2E400A98AA1 /* MatchMateUITests */ = {
			isa = PBXFileSystemSynchronizedRootGroup;
			path = MatchMateUITests;
			sourceTree = "<group>";
		};
/* End PBXFileSystemSynchronizedRootGroup section */

/* Begin PBXFrameworksBuildPhase section */
		C318A2662FBEF2E300A98AA1 /* Frameworks */ = {
			isa = PBXFrameworksBuildPhase;
			buildActionMask = 2147483647;
			files = (
				C318A33A2FC0952D00A98AA1 /* SDWebImageSwiftUI in Frameworks */,
			);
			runOnlyForDeploymentPostprocessing = 0;
		};
		C318A2732FBEF2E400A98AA1 /* Frameworks */ = {
			isa = PBXFrameworksBuildPhase;
			buildActionMask = 2147483647;
			files = (
			);
			runOnlyForDeploymentPostprocessing = 0;
		};
		C318A27D2FBEF2E400A98AA1 /* Frameworks */ = {
			isa = PBXFrameworksBuildPhase;
			buildActionMask = 2147483647;
			files = (
			);
			runOnlyForDeploymentPostprocessing = 0;
		};
/* End PBXFrameworksBuildPhase section */

/* Begin PBXGroup section */
		C318A2602FBEF2E300A98AA1 = {
			isa = PBXGroup;
			children = (
				C318A26B2FBEF2E300A98AA1 /* MatchMate */,
				C318A2792FBEF2E400A98AA1 /* MatchMateTests */,
				C318A2832FBEF2E400A98AA1 /* MatchMateUITests */,
				C318A26A2FBEF2E300A98AA1 /* Products */,
			);
			sourceTree = "<group>";
		};
		C318A26A2FBEF2E300A98AA1 /* Products */ = {
			isa = PBXGroup;
			children = (
				C318A2692FBEF2E300A98AA1 /* MatchMate.app */,
				C318A2762FBEF2E400A98AA1 /* MatchMateTests.xctest */,
				C318A2802FBEF2E400A98AA1 /* MatchMateUITests.xctest */,
			);
			name = Products;
			sourceTree = "<group>";
		};
/* End PBXGroup section */

/* Begin PBXNativeTarget section */
		C318A2682FBEF2E300A98AA1 /* MatchMate */ = {
			isa = PBXNativeTarget;
			buildConfigurationList = C318A28A2FBEF2E400A98AA1 /* Build configuration list for PBXNativeTarget "MatchMate" */;
			buildPhases = (
				C318A2652FBEF2E300A98AA1 /* Sources */,
				C318A2662FBEF2E300A98AA1 /* Frameworks */,
				C318A2672FBEF2E300A98AA1 /* Resources */,
			);
			buildRules = (
			);
			dependencies = (
			);
			fileSystemSynchronizedGroups = (
				C318A26B2FBEF2E300A98AA1 /* MatchMate */,
			);
			name = MatchMate;
			packageProductDependencies = (
				SDWEB0022FBEF2E400A98AA1 /* SDWebImageSwiftUI */,
			);
			productName = MatchMate;
			productReference = C318A2692FBEF2E300A98AA1 /* MatchMate.app */;
			productType = "com.apple.product-type.application";
		};
		C318A2752FBEF2E400A98AA1 /* MatchMateTests */ = {
			isa = PBXNativeTarget;
			buildConfigurationList = C318A28D2FBEF2E400A98AA1 /* Build configuration list for PBXNativeTarget "MatchMateTests" */;
			buildPhases = (
				C318A2722FBEF2E400A98AA1 /* Sources */,
				C318A2732FBEF2E400A98AA1 /* Frameworks */,
				C318A2742FBEF2E400A98AA1 /* Resources */,
			);
			buildRules = (
			);
			dependencies = (
				C318A2782FBEF2E400A98AA1 /* PBXTargetDependency */,
			);
			fileSystemSynchronizedGroups = (
				C318A2792FBEF2E400A98AA1 /* MatchMateTests */,
			);
			name = MatchMateTests;
			packageProductDependencies = (
			);
			productName = MatchMateTests;
			productReference = C318A2762FBEF2E400A98AA1 /* MatchMateTests.xctest */;
			productType = "com.apple.product-type.bundle.unit-test";
		};
		C318A27F2FBEF2E400A98AA1 /* MatchMateUITests */ = {
			isa = PBXNativeTarget;
			buildConfigurationList = C318A2902FBEF2E400A98AA1 /* Build configuration list for PBXNativeTarget "MatchMateUITests" */;
			buildPhases = (
				C318A27C2FBEF2E400A98AA1 /* Sources */,
				C318A27D2FBEF2E400A98AA1 /* Frameworks */,
				C318A27E2FBEF2E400A98AA1 /* Resources */,
			);
			buildRules = (
			);
			dependencies = (
				C318A2822FBEF2E400A98AA1 /* PBXTargetDependency */,
			);
			fileSystemSynchronizedGroups = (
				C318A2832FBEF2E400A98AA1 /* MatchMateUITests */,
			);
			name = MatchMateUITests;
			packageProductDependencies = (
			);
			productName = MatchMateUITests;
			productReference = C318A2802FBEF2E400A98AA1 /* MatchMateUITests.xctest */;
			productType = "com.apple.product-type.bundle.ui-testing";
		};
/* End PBXNativeTarget section */

/* Begin PBXProject section */
		C318A2612FBEF2E300A98AA1 /* Project object */ = {
			isa = PBXProject;
			attributes = {
				BuildIndependentTargetsInParallel = 1;
				LastSwiftUpdateCheck = 2630;
				LastUpgradeCheck = 2630;
				TargetAttributes = {
					C318A2682FBEF2E300A98AA1 = {
						CreatedOnToolsVersion = 26.3;
					};
					C318A2752FBEF2E400A98AA1 = {
						CreatedOnToolsVersion = 26.3;
						TestTargetID = C318A2682FBEF2E300A98AA1;
					};
					C318A27F2FBEF2E400A98AA1 = {
						CreatedOnToolsVersion = 26.3;
						TestTargetID = C318A2682FBEF2E300A98AA1;
					};
				};
			};
			buildConfigurationList = C318A2642FBEF2E300A98AA1 /* Build configuration list for PBXProject "MatchMate" */;
			developmentRegion = en;
			hasScannedForEncodings = 0;
			knownRegions = (
				en,
				Base,
			);
			mainGroup = C318A2602FBEF2E300A98AA1;
			minimizedProjectReferenceProxies = 1;
			packageReferences = (
				SDWEB0012FBEF2E400A98AA1 /* XCRemoteSwiftPackageReference "SDWebImageSwiftUI" */,
			);
			preferredProjectObjectVersion = 77;
			productRefGroup = C318A26A2FBEF2E300A98AA1 /* Products */;
			projectDirPath = "";
			projectRoot = "";
			targets = (
				C318A2682FBEF2E300A98AA1 /* MatchMate */,
				C318A2752FBEF2E400A98AA1 /* MatchMateTests */,
				C318A27F2FBEF2E400A98AA1 /* MatchMateUITests */,
			);
		};
/* End PBXProject section */

/* Begin PBXResourcesBuildPhase section */
		C318A2672FBEF2E300A98AA1 /* Resources */ = {
			isa = PBXResourcesBuildPhase;
			buildActionMask = 2147483647;
			files = (
			);
			runOnlyForDeploymentPostprocessing = 0;
		};
		C318A2742FBEF2E400A98AA1 /* Resources */ = {
			isa = PBXResourcesBuildPhase;
			buildActionMask = 2147483647;
			files = (
			);
			runOnlyForDeploymentPostprocessing = 0;
		};
		C318A27E2FBEF2E400A98AA1 /* Resources */ = {
			isa = PBXResourcesBuildPhase;
			buildActionMask = 2147483647;
			files = (
			);
			runOnlyForDeploymentPostprocessing = 0;
		};
/* End PBXResourcesBuildPhase section */

/* Begin PBXSourcesBuildPhase section */
		C318A2652FBEF2E300A98AA1 /* Sources */ = {
			isa = PBXSourcesBuildPhase;
			buildActionMask = 2147483647;
			files = (
			);
			runOnlyForDeploymentPostprocessing = 0;
		};
		C318A2722FBEF2E400A98AA1 /* Sources */ = {
			isa = PBXSourcesBuildPhase;
			buildActionMask = 2147483647;
			files = (
			);
			runOnlyForDeploymentPostprocessing = 0;
		};
		C318A27C2FBEF2E400A98AA1 /* Sources */ = {
			isa = PBXSourcesBuildPhase;
			buildActionMask = 2147483647;
			files = (
			);
			runOnlyForDeploymentPostprocessing = 0;
		};
/* End PBXSourcesBuildPhase section */

/* Begin PBXTargetDependency section */
		C318A2782FBEF2E400A98AA1 /* PBXTargetDependency */ = {
			isa = PBXTargetDependency;
			target = C318A2682FBEF2E300A98AA1 /* MatchMate */;
			targetProxy = C318A2772FBEF2E400A98AA1 /* PBXContainerItemProxy */;
		};
		C318A2822FBEF2E400A98AA1 /* PBXTargetDependency */ = {
			isa = PBXTargetDependency;
			target = C318A2682FBEF2E300A98AA1 /* MatchMate */;
			targetProxy = C318A2812FBEF2E400A98AA1 /* PBXContainerItemProxy */;
		};
/* End PBXTargetDependency section */

/* Begin XCBuildConfiguration section */
		C318A2882FBEF2E400A98AA1 /* Debug */ = {
			isa = XCBuildConfiguration;
			buildSettings = {
				ALWAYS_SEARCH_USER_PATHS = NO;
				ASSETCATALOG_COMPILER_GENERATE_SWIFT_ASSET_SYMBOL_EXTENSIONS = YES;
				CLANG_ANALYZER_NONNULL = YES;
				CLANG_ANALYZER_NUMBER_OBJECT_CONVERSION = YES_AGGRESSIVE;
				CLANG_CXX_LANGUAGE_STANDARD = "gnu++20";
				CLANG_ENABLE_MODULES = YES;
				CLANG_ENABLE_OBJC_ARC = YES;
				CLANG_ENABLE_OBJC_WEAK = YES;
				CLANG_WARN_BLOCK_CAPTURE_AUTORELEASING = YES;
				CLANG_WARN_BOOL_CONVERSION = YES;
				CLANG_WARN_COMMA = YES;
				CLANG_WARN_CONSTANT_CONVERSION = YES;
				CLANG_WARN_DEPRECATED_OBJC_IMPLEMENTATIONS = YES;
				CLANG_WARN_DIRECT_OBJC_ISA_USAGE = YES_ERROR;
				CLANG_WARN_DOCUMENTATION_COMMENTS = YES;
				CLANG_WARN_EMPTY_BODY = YES;
				CLANG_WARN_ENUM_CONVERSION = YES;
				CLANG_WARN_INFINITE_RECURSION = YES;
				CLANG_WARN_INT_CONVERSION = YES;
				CLANG_WARN_NON_LITERAL_NULL_CONVERSION = YES;
				CLANG_WARN_OBJC_IMPLICIT_RETAIN_SELF = YES;
				CLANG_WARN_OBJC_LITERAL_CONVERSION = YES;
				CLANG_WARN_OBJC_ROOT_CLASS = YES_ERROR;
				CLANG_WARN_QUOTED_INCLUDE_IN_FRAMEWORK_HEADER = YES;
				CLANG_WARN_RANGE_LOOP_ANALYSIS = YES;
				CLANG_WARN_STRICT_PROTOTYPES = YES;
				CLANG_WARN_SUSPICIOUS_MOVE = YES;
				CLANG_WARN_UNGUARDED_AVAILABILITY = YES_AGGRESSIVE;
				CLANG_WARN_UNREACHABLE_CODE = YES;
				CLANG_WARN__DUPLICATE_METHOD_MATCH = YES;
				COPY_PHASE_STRIP = NO;
				DEBUG_INFORMATION_FORMAT = dwarf;
				ENABLE_STRICT_OBJC_MSGSEND = YES;
				ENABLE_TESTABILITY = YES;
				ENABLE_USER_SCRIPT_SANDBOXING = YES;
				GCC_C_LANGUAGE_STANDARD = gnu17;
				GCC_DYNAMIC_NO_PIC = NO;
				GCC_NO_COMMON_BLOCKS = YES;
				GCC_OPTIMIZATION_LEVEL = 0;
				GCC_PREPROCESSOR_DEFINITIONS = (
					"DEBUG=1",
					"$(inherited)",
				);
				GCC_WARN_64_TO_32_BIT_CONVERSION = YES;
				GCC_WARN_ABOUT_RETURN_TYPE = YES_ERROR;
				GCC_WARN_UNDECLARED_SELECTOR = YES;
				GCC_WARN_UNINITIALIZED_AUTOS = YES_AGGRESSIVE;
				GCC_WARN_UNUSED_FUNCTION = YES;
				GCC_WARN_UNUSED_VARIABLE = YES;
				IPHONEOS_DEPLOYMENT_TARGET = 26.2;
				LOCALIZATION_PREFERS_STRING_CATALOGS = YES;
				MTL_ENABLE_DEBUG_INFO = INCLUDE_SOURCE;
				MTL_FAST_MATH = YES;
				ONLY_ACTIVE_ARCH = YES;
				SDKROOT = iphoneos;
				SWIFT_ACTIVE_COMPILATION_CONDITIONS = "DEBUG $(inherited)";
				SWIFT_OPTIMIZATION_LEVEL = "-Onone";
			};
			name = Debug;
		};
		C318A2892FBEF2E400A98AA1 /* Release */ = {
			isa = XCBuildConfiguration;
			buildSettings = {
				ALWAYS_SEARCH_USER_PATHS = NO;
				ASSETCATALOG_COMPILER_GENERATE_SWIFT_ASSET_SYMBOL_EXTENSIONS = YES;
				CLANG_ANALYZER_NONNULL = YES;
				CLANG_ANALYZER_NUMBER_OBJECT_CONVERSION = YES_AGGRESSIVE;
				CLANG_CXX_LANGUAGE_STANDARD = "gnu++20";
				CLANG_ENABLE_MODULES = YES;
				CLANG_ENABLE_OBJC_ARC = YES;
				CLANG_ENABLE_OBJC_WEAK = YES;
				CLANG_WARN_BLOCK_CAPTURE_AUTORELEASING = YES;
				CLANG_WARN_BOOL_CONVERSION = YES;
				CLANG_WARN_COMMA = YES;
				CLANG_WARN_CONSTANT_CONVERSION = YES;
				CLANG_WARN_DEPRECATED_OBJC_IMPLEMENTATIONS = YES;
				CLANG_WARN_DIRECT_OBJC_ISA_USAGE = YES_ERROR;
				CLANG_WARN_DOCUMENTATION_COMMENTS = YES;
				CLANG_WARN_EMPTY_BODY = YES;
				CLANG_WARN_ENUM_CONVERSION = YES;
				CLANG_WARN_INFINITE_RECURSION = YES;
				CLANG_WARN_INT_CONVERSION = YES;
				CLANG_WARN_NON_LITERAL_NULL_CONVERSION = YES;
				CLANG_WARN_OBJC_IMPLICIT_RETAIN_SELF = YES;
				CLANG_WARN_OBJC_LITERAL_CONVERSION = YES;
				CLANG_WARN_OBJC_ROOT_CLASS = YES_ERROR;
				CLANG_WARN_QUOTED_INCLUDE_IN_FRAMEWORK_HEADER = YES;
				CLANG_WARN_RANGE_LOOP_ANALYSIS = YES;
				CLANG_WARN_STRICT_PROTOTYPES = YES;
				CLANG_WARN_SUSPICIOUS_MOVE = YES;
				CLANG_WARN_UNGUARDED_AVAILABILITY = YES_AGGRESSIVE;
				CLANG_WARN_UNREACHABLE_CODE = YES;
				CLANG_WARN__DUPLICATE_METHOD_MATCH = YES;
				COPY_PHASE_STRIP = NO;
				DEBUG_INFORMATION_FORMAT = "dwarf-with-dsym";
				ENABLE_NS_ASSERTIONS = NO;
				ENABLE_STRICT_OBJC_MSGSEND = YES;
				ENABLE_USER_SCRIPT_SANDBOXING = YES;
				GCC_C_LANGUAGE_STANDARD = gnu17;
				GCC_NO_COMMON_BLOCKS = YES;
				GCC_WARN_64_TO_32_BIT_CONVERSION = YES;
				GCC_WARN_ABOUT_RETURN_TYPE = YES_ERROR;
				GCC_WARN_UNDECLARED_SELECTOR = YES;
				GCC_WARN_UNINITIALIZED_AUTOS = YES_AGGRESSIVE;
				GCC_WARN_UNUSED_FUNCTION = YES;
				GCC_WARN_UNUSED_VARIABLE = YES;
				IPHONEOS_DEPLOYMENT_TARGET = 26.2;
				LOCALIZATION_PREFERS_STRING_CATALOGS = YES;
				MTL_ENABLE_DEBUG_INFO = NO;
				MTL_FAST_MATH = YES;
				SDKROOT = iphoneos;
				SWIFT_COMPILATION_MODE = wholemodule;
				VALIDATE_PRODUCT = YES;
			};
			name = Release;
		};
		C318A28B2FBEF2E400A98AA1 /* Debug */ = {
			isa = XCBuildConfiguration;
			buildSettings = {
				ASSETCATALOG_COMPILER_APPICON_NAME = AppIcon;
				ASSETCATALOG_COMPILER_GLOBAL_ACCENT_COLOR_NAME = AccentColor;
				CODE_SIGN_STYLE = Automatic;
				CURRENT_PROJECT_VERSION = 1;
				ENABLE_PREVIEWS = YES;
				GENERATE_INFOPLIST_FILE = YES;
				INFOPLIST_KEY_UIApplicationSceneManifest_Generation = YES;
				INFOPLIST_KEY_UIApplicationSupportsIndirectInputEvents = YES;
				INFOPLIST_KEY_UILaunchScreen_Generation = YES;
				INFOPLIST_KEY_UISupportedInterfaceOrientations_iPad = "UIInterfaceOrientationPortrait UIInterfaceOrientationPortraitUpsideDown UIInterfaceOrientationLandscapeLeft UIInterfaceOrientationLandscapeRight";
				INFOPLIST_KEY_UISupportedInterfaceOrientations_iPhone = "UIInterfaceOrientationPortrait UIInterfaceOrientationLandscapeLeft UIInterfaceOrientationLandscapeRight";
				LD_RUNPATH_SEARCH_PATHS = (
					"$(inherited)",
					"@executable_path/Frameworks",
				);
				MARKETING_VERSION = 1.0;
				PRODUCT_BUNDLE_IDENTIFIER = Sathwika.MatchMate;
				PRODUCT_NAME = "$(TARGET_NAME)";
				STRING_CATALOG_GENERATE_SYMBOLS = YES;
				SWIFT_APPROACHABLE_CONCURRENCY = YES;
				SWIFT_DEFAULT_ACTOR_ISOLATION = MainActor;
				SWIFT_EMIT_LOC_STRINGS = YES;
				SWIFT_UPCOMING_FEATURE_MEMBER_IMPORT_VISIBILITY = YES;
				SWIFT_VERSION = 5.0;
				TARGETED_DEVICE_FAMILY = "1,2";
			};
			name = Debug;
		};
		C318A28C2FBEF2E400A98AA1 /* Release */ = {
			isa = XCBuildConfiguration;
			buildSettings = {
				ASSETCATALOG_COMPILER_APPICON_NAME = AppIcon;
				ASSETCATALOG_COMPILER_GLOBAL_ACCENT_COLOR_NAME = AccentColor;
				CODE_SIGN_STYLE = Automatic;
				CURRENT_PROJECT_VERSION = 1;
				ENABLE_PREVIEWS = YES;
				GENERATE_INFOPLIST_FILE = YES;
				INFOPLIST_KEY_UIApplicationSceneManifest_Generation = YES;
				INFOPLIST_KEY_UIApplicationSupportsIndirectInputEvents = YES;
				INFOPLIST_KEY_UILaunchScreen_Generation = YES;
				INFOPLIST_KEY_UISupportedInterfaceOrientations_iPad = "UIInterfaceOrientationPortrait UIInterfaceOrientationPortraitUpsideDown UIInterfaceOrientationLandscapeLeft UIInterfaceOrientationLandscapeRight";
				INFOPLIST_KEY_UISupportedInterfaceOrientations_iPhone = "UIInterfaceOrientationPortrait UIInterfaceOrientationLandscapeLeft UIInterfaceOrientationLandscapeRight";
				LD_RUNPATH_SEARCH_PATHS = (
					"$(inherited)",
					"@executable_path/Frameworks",
				);
				MARKETING_VERSION = 1.0;
				PRODUCT_BUNDLE_IDENTIFIER = Sathwika.MatchMate;
				PRODUCT_NAME = "$(TARGET_NAME)";
				STRING_CATALOG_GENERATE_SYMBOLS = YES;
				SWIFT_APPROACHABLE_CONCURRENCY = YES;
				SWIFT_DEFAULT_ACTOR_ISOLATION = MainActor;
				SWIFT_EMIT_LOC_STRINGS = YES;
				SWIFT_UPCOMING_FEATURE_MEMBER_IMPORT_VISIBILITY = YES;
				SWIFT_VERSION = 5.0;
				TARGETED_DEVICE_FAMILY = "1,2";
			};
			name = Release;
		};
		C318A28E2FBEF2E400A98AA1 /* Debug */ = {
			isa = XCBuildConfiguration;
			buildSettings = {
				BUNDLE_LOADER = "$(TEST_HOST)";
				CODE_SIGN_STYLE = Automatic;
				CURRENT_PROJECT_VERSION = 1;
				GENERATE_INFOPLIST_FILE = YES;
				IPHONEOS_DEPLOYMENT_TARGET = 26.2;
				MARKETING_VERSION = 1.0;
				PRODUCT_BUNDLE_IDENTIFIER = Sathwika.MatchMateTests;
				PRODUCT_NAME = "$(TARGET_NAME)";
				STRING_CATALOG_GENERATE_SYMBOLS = NO;
				SWIFT_APPROACHABLE_CONCURRENCY = YES;
				SWIFT_EMIT_LOC_STRINGS = NO;
				SWIFT_UPCOMING_FEATURE_MEMBER_IMPORT_VISIBILITY = YES;
				SWIFT_VERSION = 5.0;
				TARGETED_DEVICE_FAMILY = "1,2";
				TEST_HOST = "$(BUILT_PRODUCTS_DIR)/MatchMate.app/$(BUNDLE_EXECUTABLE_FOLDER_PATH)/MatchMate";
			};
			name = Debug;
		};
		C318A28F2FBEF2E400A98AA1 /* Release */ = {
			isa = XCBuildConfiguration;
			buildSettings = {
				BUNDLE_LOADER = "$(TEST_HOST)";
				CODE_SIGN_STYLE = Automatic;
				CURRENT_PROJECT_VERSION = 1;
				GENERATE_INFOPLIST_FILE = YES;
				IPHONEOS_DEPLOYMENT_TARGET = 26.2;
				MARKETING_VERSION = 1.0;
				PRODUCT_BUNDLE_IDENTIFIER = Sathwika.MatchMateTests;
				PRODUCT_NAME = "$(TARGET_NAME)";
				STRING_CATALOG_GENERATE_SYMBOLS = NO;
				SWIFT_APPROACHABLE_CONCURRENCY = YES;
				SWIFT_EMIT_LOC_STRINGS = NO;
				SWIFT_UPCOMING_FEATURE_MEMBER_IMPORT_VISIBILITY = YES;
				SWIFT_VERSION = 5.0;
				TARGETED_DEVICE_FAMILY = "1,2";
				TEST_HOST = "$(BUILT_PRODUCTS_DIR)/MatchMate.app/$(BUNDLE_EXECUTABLE_FOLDER_PATH)/MatchMate";
			};
			name = Release;
		};
		C318A2912FBEF2E400A98AA1 /* Debug */ = {
			isa = XCBuildConfiguration;
			buildSettings = {
				CODE_SIGN_STYLE = Automatic;
				CURRENT_PROJECT_VERSION = 1;
				GENERATE_INFOPLIST_FILE = YES;
				MARKETING_VERSION = 1.0;
				PRODUCT_BUNDLE_IDENTIFIER = Sathwika.MatchMateUITests;
				PRODUCT_NAME = "$(TARGET_NAME)";
				STRING_CATALOG_GENERATE_SYMBOLS = NO;
				SWIFT_APPROACHABLE_CONCURRENCY = YES;
				SWIFT_EMIT_LOC_STRINGS = NO;
				SWIFT_UPCOMING_FEATURE_MEMBER_IMPORT_VISIBILITY = YES;
				SWIFT_VERSION = 5.0;
				TARGETED_DEVICE_FAMILY = "1,2";
				TEST_TARGET_NAME = MatchMate;
			};
			name = Debug;
		};
		C318A2922FBEF2E400A98AA1 /* Release */ = {
			isa = XCBuildConfiguration;
			buildSettings = {
				CODE_SIGN_STYLE = Automatic;
				CURRENT_PROJECT_VERSION = 1;
				GENERATE_INFOPLIST_FILE = YES;
				MARKETING_VERSION = 1.0;
				PRODUCT_BUNDLE_IDENTIFIER = Sathwika.MatchMateUITests;
				PRODUCT_NAME = "$(TARGET_NAME)";
				STRING_CATALOG_GENERATE_SYMBOLS = NO;
				SWIFT_APPROACHABLE_CONCURRENCY = YES;
				SWIFT_EMIT_LOC_STRINGS = NO;
				SWIFT_UPCOMING_FEATURE_MEMBER_IMPORT_VISIBILITY = YES;
				SWIFT_VERSION = 5.0;
				TARGETED_DEVICE_FAMILY = "1,2";
				TEST_TARGET_NAME = MatchMate;
			};
			name = Release;
		};
/* End XCBuildConfiguration section */

/* Begin XCConfigurationList section */
		C318A2642FBEF2E300A98AA1 /* Build configuration list for PBXProject "MatchMate" */ = {
			isa = XCConfigurationList;
			buildConfigurations = (
				C318A2882FBEF2E400A98AA1 /* Debug */,
				C318A2892FBEF2E400A98AA1 /* Release */,
			);
			defaultConfigurationIsVisible = 0;
			defaultConfigurationName = Release;
		};
		C318A28A2FBEF2E400A98AA1 /* Build configuration list for PBXNativeTarget "MatchMate" */ = {
			isa = XCConfigurationList;
			buildConfigurations = (
				C318A28B2FBEF2E400A98AA1 /* Debug */,
				C318A28C2FBEF2E400A98AA1 /* Release */,
			);
			defaultConfigurationIsVisible = 0;
			defaultConfigurationName = Release;
		};
		C318A28D2FBEF2E400A98AA1 /* Build configuration list for PBXNativeTarget "MatchMateTests" */ = {
			isa = XCConfigurationList;
			buildConfigurations = (
				C318A28E2FBEF2E400A98AA1 /* Debug */,
				C318A28F2FBEF2E400A98AA1 /* Release */,
			);
			defaultConfigurationIsVisible = 0;
			defaultConfigurationName = Release;
		};
		C318A2902FBEF2E400A98AA1 /* Build configuration list for PBXNativeTarget "MatchMateUITests" */ = {
			isa = XCConfigurationList;
			buildConfigurations = (
				C318A2912FBEF2E400A98AA1 /* Debug */,
				C318A2922FBEF2E400A98AA1 /* Release */,
			);
			defaultConfigurationIsVisible = 0;
			defaultConfigurationName = Release;
		};
/* End XCConfigurationList section */

/* Begin XCRemoteSwiftPackageReference section */
		SDWEB0012FBEF2E400A98AA1 /* XCRemoteSwiftPackageReference "SDWebImageSwiftUI" */ = {
			isa = XCRemoteSwiftPackageReference;
			repositoryURL = "https://github.com/SDWebImage/SDWebImageSwiftUI.git";
			requirement = {
				kind = upToNextMajorVersion;
				minimumVersion = 3.0.0;
			};
		};
/* End XCRemoteSwiftPackageReference section */

/* Begin XCSwiftPackageProductDependency section */
		SDWEB0022FBEF2E400A98AA1 /* SDWebImageSwiftUI */ = {
			isa = XCSwiftPackageProductDependency;
			package = SDWEB0012FBEF2E400A98AA1 /* XCRemoteSwiftPackageReference "SDWebImageSwiftUI" */;
			productName = SDWebImageSwiftUI;
		};
/* End XCSwiftPackageProductDependency section */
	};
	rootObject = C318A2612FBEF2E300A98AA1 /* Project object */;
}
